
Microsoft Visual Studio Solution File, Format Version 12.00
# Visual Studio Version 16
VisualStudioVersion = 16.0.33529.622
MinimumVisualStudioVersion = 10.0.40219.1
Project("{8BC9CEB8-8B4A-11D0-8D11-00A0C91BC942}") = "Training", "Training\Training.vcxproj", "{F489AEC1-D44D-401A-9440-EB2033388FA2}"
EndProject
Global
	GlobalSection(SolutionConfigurationPlatforms) = preSolution
		Debug|x64 = Debug|x64
		Debug|x86 = Debug|x86
		Release|x64 = Release|x64
		Release|x86 = Release|x86
	EndGlobalSection
	GlobalSection(ProjectConfigurationPlatforms) = postSolution
		{F489AEC1-D44D-401A-9440-EB2033388FA2}.Debug|x64.ActiveCfg = Debug|x64
		{F489AEC1-D44D-401A-9440-EB2033388FA2}.Debug|x64.Build.0 = Debug|x64
		{F489AEC1-D44D-401A-9440-EB2033388FA2}.Debug|x86.ActiveCfg = Debug|Win32
		{F489AEC1-D44D-401A-9440-EB2033388FA2}.Debug|x86.Build.0 = Debug|Win32
		{F489AEC1-D44D-401A-9440-EB2033388FA2}.Release|x64.ActiveCfg = Release|x64
		{F489AEC1-D44D-401A-9440-EB2033388FA2}.Release|x64.Build.0 = Release|x64
		{F489AEC1-D44D-401A-9440-EB2033388FA2}.Release|x86.ActiveCfg = Release|Win32
		{F489AEC1-D44D-401A-9440-EB2033388FA2}.Release|x86.Build.0 = Release|Win32
	EndGlobalSection
	GlobalSection(SolutionProperties) = preSolution
		HideSolutionNode = FALSE
	EndGlobalSection
	GlobalSection(ExtensibilityGlobals) = postSolution
		SolutionGuid = {D00EDD0F-C468-4224-B3CE-7A5DC1F9E749}
	EndGlobalSection
EndGlobal
